
Microsoft Visual Studio Solution File, Format Version 12.00
# Visual Studio Version 16
VisualStudioVersion = 16.0.32802.440
MinimumVisualStudioVersion = 10.0.40219.1
Project("{F184B08F-C81C-45F6-A57F-5ABD9991F28F}") = "Prueba20112022", "Prueba20112022\Prueba20112022.vbproj", "{4B41EE22-A5B7-42B2-8766-EE96F6D73247}"
EndProject
Global
	GlobalSection(SolutionConfigurationPlatforms) = preSolution
		Debug|Any CPU = Debug|Any CPU
		Release|Any CPU = Release|Any CPU
	EndGlobalSection
	GlobalSection(ProjectConfigurationPlatforms) = postSolution
		{4B41EE22-A5B7-42B2-8766-EE96F6D73247}.Debug|Any CPU.ActiveCfg = Debug|Any CPU
		{4B41EE22-A5B7-42B2-8766-EE96F6D73247}.Debug|Any CPU.Build.0 = Debug|Any CPU
		{4B41EE22-A5B7-42B2-8766-EE96F6D73247}.Release|Any CPU.ActiveCfg = Release|Any CPU
		{4B41EE22-A5B7-42B2-8766-EE96F6D73247}.Release|Any CPU.Build.0 = Release|Any CPU
	EndGlobalSection
	GlobalSection(SolutionProperties) = preSolution
		HideSolutionNode = FALSE
	EndGlobalSection
	GlobalSection(ExtensibilityGlobals) = postSolution
		SolutionGuid = {B6DA44B0-C9DB-4013-8141-4BD05B1EE422}
	EndGlobalSection
EndGlobal
